
Microsoft Visual Studio Solution File, Format Version 12.00
# Visual Studio Version 17
VisualStudioVersion = 17.3.32825.248
MinimumVisualStudioVersion = 10.0.40219.1
Project("{FAE04EC0-301F-11D3-BF4B-00C04F79EFBC}") = "ExecutionProject", "ExecutionProject\ExecutionProject.csproj", "{5685A803-AF8C-4580-A1F6-005FD71C88EC}"
EndProject
Project("{FAE04EC0-301F-11D3-BF4B-00C04F79EFBC}") = "BIL", "BIL\BIL.csproj", "{1F129FCF-E919-45E2-B367-93840C012893}"
EndProject
Global
	GlobalSection(SolutionConfigurationPlatforms) = preSolution
		Debug|Any CPU = Debug|Any CPU
		Release|Any CPU = Release|Any CPU
	EndGlobalSection
	GlobalSection(ProjectConfigurationPlatforms) = postSolution
		{5685A803-AF8C-4580-A1F6-005FD71C88EC}.Debug|Any CPU.ActiveCfg = Debug|Any CPU
		{5685A803-AF8C-4580-A1F6-005FD71C88EC}.Debug|Any CPU.Build.0 = Debug|Any CPU
		{5685A803-AF8C-4580-A1F6-005FD71C88EC}.Release|Any CPU.ActiveCfg = Release|Any CPU
		{5685A803-AF8C-4580-A1F6-005FD71C88EC}.Release|Any CPU.Build.0 = Release|Any CPU
		{1F129FCF-E919-45E2-B367-93840C012893}.Debug|Any CPU.ActiveCfg = Debug|Any CPU
		{1F129FCF-E919-45E2-B367-93840C012893}.Debug|Any CPU.Build.0 = Debug|Any CPU
		{1F129FCF-E919-45E2-B367-93840C012893}.Release|Any CPU.ActiveCfg = Release|Any CPU
		{1F129FCF-E919-45E2-B367-93840C012893}.Release|Any CPU.Build.0 = Release|Any CPU
	EndGlobalSection
	GlobalSection(SolutionProperties) = preSolution
		HideSolutionNode = FALSE
	EndGlobalSection
	GlobalSection(ExtensibilityGlobals) = postSolution
		SolutionGuid = {830B099D-2D3E-4B22-804C-19E1075D54CA}
	EndGlobalSection
EndGlobal
